
Microsoft Visual Studio Solution File, Format Version 12.00
# Visual Studio Version 17
VisualStudioVersion = 17.0.31903.59
MinimumVisualStudioVersion = 10.0.40219.1
Project("{FAE04EC0-301F-11D3-BF4B-00C04F79EFBC}") = "Atomy.SDK", "src\Atomy.SDK.csproj", "{C4F7CD1F-7F97-4875-A35B-FC9AB50829CC}"
EndProject
Project("{FAE04EC0-301F-11D3-BF4B-00C04F79EFBC}") = "Atomy.SDK.Tests", "test\Atomy.SDK.Tests.csproj", "{C7CEC53F-F7CF-4965-98F9-FD4C43A08009}"
EndProject
Global
	GlobalSection(SolutionConfigurationPlatforms) = preSolution
		Debug|Any CPU = Debug|Any CPU
		Release|Any CPU = Release|Any CPU
	EndGlobalSection
	GlobalSection(SolutionProperties) = preSolution
		HideSolutionNode = FALSE
	EndGlobalSection
	GlobalSection(ProjectConfigurationPlatforms) = postSolution
		{C4F7CD1F-7F97-4875-A35B-FC9AB50829CC}.Debug|Any CPU.ActiveCfg = Debug|Any CPU
		{C4F7CD1F-7F97-4875-A35B-FC9AB50829CC}.Debug|Any CPU.Build.0 = Debug|Any CPU
		{C4F7CD1F-7F97-4875-A35B-FC9AB50829CC}.Release|Any CPU.ActiveCfg = Release|Any CPU
		{C4F7CD1F-7F97-4875-A35B-FC9AB50829CC}.Release|Any CPU.Build.0 = Release|Any CPU
		{C7CEC53F-F7CF-4965-98F9-FD4C43A08009}.Debug|Any CPU.ActiveCfg = Debug|Any CPU
		{C7CEC53F-F7CF-4965-98F9-FD4C43A08009}.Debug|Any CPU.Build.0 = Debug|Any CPU
		{C7CEC53F-F7CF-4965-98F9-FD4C43A08009}.Release|Any CPU.ActiveCfg = Release|Any CPU
		{C7CEC53F-F7CF-4965-98F9-FD4C43A08009}.Release|Any CPU.Build.0 = Release|Any CPU
	EndGlobalSection
EndGlobal
