
Microsoft Visual Studio Solution File, Format Version 12.00
# Visual Studio Version 17
VisualStudioVersion = 17.0.31903.59
MinimumVisualStudioVersion = 10.0.40219.1
Project("{FAE04EC0-301F-11D3-BF4B-00C04F79EFBC}") = "AyBorg.SDK.Tests", "test\AyBorg.SDK.Tests.csproj", "{C7CEC53F-F7CF-4965-98F9-FD4C43A08009}"
EndProject
Project("{2150E333-8FDC-42A3-9474-1A3956D46DE8}") = "database", "database", "{BE2439E8-F7E5-4B02-92DD-9F3626B133EC}"
EndProject
Project("{FAE04EC0-301F-11D3-BF4B-00C04F79EFBC}") = "AyBorg.Database.Data", "database\AyBorg.Database.Data\AyBorg.Database.Data.csproj", "{D0ADD954-1C82-4FAB-A00F-53ECF99281C0}"
EndProject
Project("{2150E333-8FDC-42A3-9474-1A3956D46DE8}") = "migrations", "migrations", "{933AE6ED-43B5-46C6-A7FB-AE5F02490A06}"
EndProject
Project("{FAE04EC0-301F-11D3-BF4B-00C04F79EFBC}") = "AyBorg.Database.Migrations.PostgreSql", "database\migrations\AyBorg.Database.Migrations.PostgreSql\AyBorg.Database.Migrations.PostgreSql.csproj", "{AC7B2A76-DCC6-4790-9BE8-564E8D860399}"
EndProject
Project("{FAE04EC0-301F-11D3-BF4B-00C04F79EFBC}") = "AyBorg.Database.Migrations.SqlLite", "database\migrations\AyBorg.Database.Migrations.SqlLite\AyBorg.Database.Migrations.SqlLite.csproj", "{E16E436D-EF76-4DFC-9717-9405768CC37A}"
EndProject
Project("{2150E333-8FDC-42A3-9474-1A3956D46DE8}") = "src", "src", "{3072902B-3D55-4EEC-9A09-CBC77CE6930B}"
EndProject
Project("{FAE04EC0-301F-11D3-BF4B-00C04F79EFBC}") = "AyBorg.SDK.Authorization", "src\Authorization\AyBorg.SDK.Authorization.csproj", "{C44D6A8A-5241-4A16-9273-78BFDAB30F7E}"
EndProject
Project("{FAE04EC0-301F-11D3-BF4B-00C04F79EFBC}") = "AyBorg.SDK.Common", "src\Common\AyBorg.SDK.Common.csproj", "{71C695DA-A290-43F1-AC59-86388048A651}"
EndProject
Project("{2150E333-8FDC-42A3-9474-1A3956D46DE8}") = "Communication", "Communication", "{8D001D47-DA75-4EA7-BDBA-BA65CCEF59BA}"
EndProject
Project("{FAE04EC0-301F-11D3-BF4B-00C04F79EFBC}") = "AyBorg.SDK.Communication.MQTT", "src\Communication\MQTT\AyBorg.SDK.Communication.MQTT.csproj", "{EE87E61A-F9AC-4DB5-B336-75167C58604C}"
EndProject
Project("{FAE04EC0-301F-11D3-BF4B-00C04F79EFBC}") = "AyBorg.SDK.ImageProcessing", "src\ImageProcessing\AyBorg.SDK.ImageProcessing.csproj", "{13C591F0-E8E8-4552-B72F-7C2FA7056CA2}"
EndProject
Project("{FAE04EC0-301F-11D3-BF4B-00C04F79EFBC}") = "AyBorg.SDK.Projects", "src\Projects\AyBorg.SDK.Projects.csproj", "{C2AD7B10-5106-45F5-B4BB-F5B63722CDFD}"
EndProject
Project("{FAE04EC0-301F-11D3-BF4B-00C04F79EFBC}") = "AyBorg.SDK.System", "src\System\AyBorg.SDK.System.csproj", "{FA389899-1B82-4451-9CAD-10683AD66270}"
EndProject
Project("{2150E333-8FDC-42A3-9474-1A3956D46DE8}") = "Data", "Data", "{DC74A650-99B5-4DD5-8CFF-8FA0FB581E14}"
EndProject
Project("{FAE04EC0-301F-11D3-BF4B-00C04F79EFBC}") = "AyBorg.SDK.Data.DAL", "src\Data\DAL\AyBorg.SDK.Data.DAL.csproj", "{0A15E23E-F125-4181-9CEF-F1788623FE8A}"
EndProject
Project("{FAE04EC0-301F-11D3-BF4B-00C04F79EFBC}") = "AyBorg.SDK.Data.DTOs", "src\Data\DTOs\AyBorg.SDK.Data.DTOs.csproj", "{D315B41D-9D88-4887-9A12-C6F408591F61}"
EndProject
Global
	GlobalSection(SolutionConfigurationPlatforms) = preSolution
		Debug|Any CPU = Debug|Any CPU
		Release|Any CPU = Release|Any CPU
	EndGlobalSection
	GlobalSection(SolutionProperties) = preSolution
		HideSolutionNode = FALSE
	EndGlobalSection
	GlobalSection(ProjectConfigurationPlatforms) = postSolution
		{C4F7CD1F-7F97-4875-A35B-FC9AB50829CC}.Debug|Any CPU.ActiveCfg = Debug|Any CPU
		{C4F7CD1F-7F97-4875-A35B-FC9AB50829CC}.Debug|Any CPU.Build.0 = Debug|Any CPU
		{C4F7CD1F-7F97-4875-A35B-FC9AB50829CC}.Release|Any CPU.ActiveCfg = Release|Any CPU
		{C4F7CD1F-7F97-4875-A35B-FC9AB50829CC}.Release|Any CPU.Build.0 = Release|Any CPU
		{C7CEC53F-F7CF-4965-98F9-FD4C43A08009}.Debug|Any CPU.ActiveCfg = Debug|Any CPU
		{C7CEC53F-F7CF-4965-98F9-FD4C43A08009}.Debug|Any CPU.Build.0 = Debug|Any CPU
		{C7CEC53F-F7CF-4965-98F9-FD4C43A08009}.Release|Any CPU.ActiveCfg = Release|Any CPU
		{C7CEC53F-F7CF-4965-98F9-FD4C43A08009}.Release|Any CPU.Build.0 = Release|Any CPU
		{D0ADD954-1C82-4FAB-A00F-53ECF99281C0}.Debug|Any CPU.ActiveCfg = Debug|Any CPU
		{D0ADD954-1C82-4FAB-A00F-53ECF99281C0}.Debug|Any CPU.Build.0 = Debug|Any CPU
		{D0ADD954-1C82-4FAB-A00F-53ECF99281C0}.Release|Any CPU.ActiveCfg = Release|Any CPU
		{D0ADD954-1C82-4FAB-A00F-53ECF99281C0}.Release|Any CPU.Build.0 = Release|Any CPU
		{AC7B2A76-DCC6-4790-9BE8-564E8D860399}.Debug|Any CPU.ActiveCfg = Debug|Any CPU
		{AC7B2A76-DCC6-4790-9BE8-564E8D860399}.Debug|Any CPU.Build.0 = Debug|Any CPU
		{AC7B2A76-DCC6-4790-9BE8-564E8D860399}.Release|Any CPU.ActiveCfg = Release|Any CPU
		{AC7B2A76-DCC6-4790-9BE8-564E8D860399}.Release|Any CPU.Build.0 = Release|Any CPU
		{E16E436D-EF76-4DFC-9717-9405768CC37A}.Debug|Any CPU.ActiveCfg = Debug|Any CPU
		{E16E436D-EF76-4DFC-9717-9405768CC37A}.Debug|Any CPU.Build.0 = Debug|Any CPU
		{E16E436D-EF76-4DFC-9717-9405768CC37A}.Release|Any CPU.ActiveCfg = Release|Any CPU
		{E16E436D-EF76-4DFC-9717-9405768CC37A}.Release|Any CPU.Build.0 = Release|Any CPU
		{C44D6A8A-5241-4A16-9273-78BFDAB30F7E}.Debug|Any CPU.ActiveCfg = Debug|Any CPU
		{C44D6A8A-5241-4A16-9273-78BFDAB30F7E}.Debug|Any CPU.Build.0 = Debug|Any CPU
		{C44D6A8A-5241-4A16-9273-78BFDAB30F7E}.Release|Any CPU.ActiveCfg = Release|Any CPU
		{C44D6A8A-5241-4A16-9273-78BFDAB30F7E}.Release|Any CPU.Build.0 = Release|Any CPU
		{71C695DA-A290-43F1-AC59-86388048A651}.Debug|Any CPU.ActiveCfg = Debug|Any CPU
		{71C695DA-A290-43F1-AC59-86388048A651}.Debug|Any CPU.Build.0 = Debug|Any CPU
		{71C695DA-A290-43F1-AC59-86388048A651}.Release|Any CPU.ActiveCfg = Release|Any CPU
		{71C695DA-A290-43F1-AC59-86388048A651}.Release|Any CPU.Build.0 = Release|Any CPU
		{EE87E61A-F9AC-4DB5-B336-75167C58604C}.Debug|Any CPU.ActiveCfg = Debug|Any CPU
		{EE87E61A-F9AC-4DB5-B336-75167C58604C}.Debug|Any CPU.Build.0 = Debug|Any CPU
		{EE87E61A-F9AC-4DB5-B336-75167C58604C}.Release|Any CPU.ActiveCfg = Release|Any CPU
		{EE87E61A-F9AC-4DB5-B336-75167C58604C}.Release|Any CPU.Build.0 = Release|Any CPU
		{1A3E1AEB-026A-42F3-9207-7D891A6F3E48}.Debug|Any CPU.ActiveCfg = Debug|Any CPU
		{1A3E1AEB-026A-42F3-9207-7D891A6F3E48}.Debug|Any CPU.Build.0 = Debug|Any CPU
		{1A3E1AEB-026A-42F3-9207-7D891A6F3E48}.Release|Any CPU.ActiveCfg = Release|Any CPU
		{1A3E1AEB-026A-42F3-9207-7D891A6F3E48}.Release|Any CPU.Build.0 = Release|Any CPU
		{13C591F0-E8E8-4552-B72F-7C2FA7056CA2}.Debug|Any CPU.ActiveCfg = Debug|Any CPU
		{13C591F0-E8E8-4552-B72F-7C2FA7056CA2}.Debug|Any CPU.Build.0 = Debug|Any CPU
		{13C591F0-E8E8-4552-B72F-7C2FA7056CA2}.Release|Any CPU.ActiveCfg = Release|Any CPU
		{13C591F0-E8E8-4552-B72F-7C2FA7056CA2}.Release|Any CPU.Build.0 = Release|Any CPU
		{C2AD7B10-5106-45F5-B4BB-F5B63722CDFD}.Debug|Any CPU.ActiveCfg = Debug|Any CPU
		{C2AD7B10-5106-45F5-B4BB-F5B63722CDFD}.Debug|Any CPU.Build.0 = Debug|Any CPU
		{C2AD7B10-5106-45F5-B4BB-F5B63722CDFD}.Release|Any CPU.ActiveCfg = Release|Any CPU
		{C2AD7B10-5106-45F5-B4BB-F5B63722CDFD}.Release|Any CPU.Build.0 = Release|Any CPU
		{FA389899-1B82-4451-9CAD-10683AD66270}.Debug|Any CPU.ActiveCfg = Debug|Any CPU
		{FA389899-1B82-4451-9CAD-10683AD66270}.Debug|Any CPU.Build.0 = Debug|Any CPU
		{FA389899-1B82-4451-9CAD-10683AD66270}.Release|Any CPU.ActiveCfg = Release|Any CPU
		{FA389899-1B82-4451-9CAD-10683AD66270}.Release|Any CPU.Build.0 = Release|Any CPU
		{FB54E486-6AA6-4396-8A66-A33B27CBC122}.Debug|Any CPU.ActiveCfg = Debug|Any CPU
		{FB54E486-6AA6-4396-8A66-A33B27CBC122}.Debug|Any CPU.Build.0 = Debug|Any CPU
		{FB54E486-6AA6-4396-8A66-A33B27CBC122}.Release|Any CPU.ActiveCfg = Release|Any CPU
		{FB54E486-6AA6-4396-8A66-A33B27CBC122}.Release|Any CPU.Build.0 = Release|Any CPU
		{0A15E23E-F125-4181-9CEF-F1788623FE8A}.Debug|Any CPU.ActiveCfg = Debug|Any CPU
		{0A15E23E-F125-4181-9CEF-F1788623FE8A}.Debug|Any CPU.Build.0 = Debug|Any CPU
		{0A15E23E-F125-4181-9CEF-F1788623FE8A}.Release|Any CPU.ActiveCfg = Release|Any CPU
		{0A15E23E-F125-4181-9CEF-F1788623FE8A}.Release|Any CPU.Build.0 = Release|Any CPU
		{D315B41D-9D88-4887-9A12-C6F408591F61}.Debug|Any CPU.ActiveCfg = Debug|Any CPU
		{D315B41D-9D88-4887-9A12-C6F408591F61}.Debug|Any CPU.Build.0 = Debug|Any CPU
		{D315B41D-9D88-4887-9A12-C6F408591F61}.Release|Any CPU.ActiveCfg = Release|Any CPU
		{D315B41D-9D88-4887-9A12-C6F408591F61}.Release|Any CPU.Build.0 = Release|Any CPU
	EndGlobalSection
	GlobalSection(NestedProjects) = preSolution
		{D0ADD954-1C82-4FAB-A00F-53ECF99281C0} = {BE2439E8-F7E5-4B02-92DD-9F3626B133EC}
		{933AE6ED-43B5-46C6-A7FB-AE5F02490A06} = {BE2439E8-F7E5-4B02-92DD-9F3626B133EC}
		{AC7B2A76-DCC6-4790-9BE8-564E8D860399} = {933AE6ED-43B5-46C6-A7FB-AE5F02490A06}
		{E16E436D-EF76-4DFC-9717-9405768CC37A} = {933AE6ED-43B5-46C6-A7FB-AE5F02490A06}
		{C44D6A8A-5241-4A16-9273-78BFDAB30F7E} = {3072902B-3D55-4EEC-9A09-CBC77CE6930B}
		{71C695DA-A290-43F1-AC59-86388048A651} = {3072902B-3D55-4EEC-9A09-CBC77CE6930B}
		{8D001D47-DA75-4EA7-BDBA-BA65CCEF59BA} = {3072902B-3D55-4EEC-9A09-CBC77CE6930B}
		{EE87E61A-F9AC-4DB5-B336-75167C58604C} = {8D001D47-DA75-4EA7-BDBA-BA65CCEF59BA}
		{13C591F0-E8E8-4552-B72F-7C2FA7056CA2} = {3072902B-3D55-4EEC-9A09-CBC77CE6930B}
		{C2AD7B10-5106-45F5-B4BB-F5B63722CDFD} = {3072902B-3D55-4EEC-9A09-CBC77CE6930B}
		{FA389899-1B82-4451-9CAD-10683AD66270} = {3072902B-3D55-4EEC-9A09-CBC77CE6930B}
		{DC74A650-99B5-4DD5-8CFF-8FA0FB581E14} = {3072902B-3D55-4EEC-9A09-CBC77CE6930B}
		{0A15E23E-F125-4181-9CEF-F1788623FE8A} = {DC74A650-99B5-4DD5-8CFF-8FA0FB581E14}
		{D315B41D-9D88-4887-9A12-C6F408591F61} = {DC74A650-99B5-4DD5-8CFF-8FA0FB581E14}
	EndGlobalSection
EndGlobal
