
Microsoft Visual Studio Solution File, Format Version 12.00
# Visual Studio Version 17
VisualStudioVersion = 17.0.31903.59
MinimumVisualStudioVersion = 10.0.40219.1
Project("{2150E333-8FDC-42A3-9474-1A3956D46DE8}") = "src", "src", "{3072902B-3D55-4EEC-9A09-CBC77CE6930B}"
EndProject
Project("{FAE04EC0-301F-11D3-BF4B-00C04F79EFBC}") = "AyBorg.SDK.Authorization", "src\Authorization\AyBorg.SDK.Authorization.csproj", "{C44D6A8A-5241-4A16-9273-78BFDAB30F7E}"
EndProject
Project("{FAE04EC0-301F-11D3-BF4B-00C04F79EFBC}") = "AyBorg.SDK.Common", "src\Common\AyBorg.SDK.Common.csproj", "{71C695DA-A290-43F1-AC59-86388048A651}"
EndProject
Project("{2150E333-8FDC-42A3-9474-1A3956D46DE8}") = "Communication", "Communication", "{8D001D47-DA75-4EA7-BDBA-BA65CCEF59BA}"
EndProject
Project("{FAE04EC0-301F-11D3-BF4B-00C04F79EFBC}") = "AyBorg.SDK.Communication.MQTT", "src\Communication\MQTT\AyBorg.SDK.Communication.MQTT.csproj", "{EE87E61A-F9AC-4DB5-B336-75167C58604C}"
EndProject
Project("{FAE04EC0-301F-11D3-BF4B-00C04F79EFBC}") = "AyBorg.SDK.Projects", "src\Projects\AyBorg.SDK.Projects.csproj", "{C2AD7B10-5106-45F5-B4BB-F5B63722CDFD}"
EndProject
Project("{FAE04EC0-301F-11D3-BF4B-00C04F79EFBC}") = "AyBorg.SDK.System", "src\System\AyBorg.SDK.System.csproj", "{FA389899-1B82-4451-9CAD-10683AD66270}"
EndProject
Project("{FAE04EC0-301F-11D3-BF4B-00C04F79EFBC}") = "AyBorg.SDK.Communication.gRPC", "src\Communication\gRPC\AyBorg.SDK.Communication.gRPC.csproj", "{24D9337D-87DD-45AC-991B-A61111C46E82}"
EndProject
Project("{2150E333-8FDC-42A3-9474-1A3956D46DE8}") = "test", "test", "{3C4D24CB-32EF-4667-8411-F308C8F87A0F}"
EndProject
Project("{2150E333-8FDC-42A3-9474-1A3956D46DE8}") = "Communication", "Communication", "{C4809120-10A2-4E3C-8595-218950097294}"
EndProject
Project("{FAE04EC0-301F-11D3-BF4B-00C04F79EFBC}") = "AyBorg.SDK.Communication.gRPC.Tests", "test\Communication\gRPC\AyBorg.SDK.Communication.gRPC.Tests.csproj", "{5D442638-011A-4418-B97C-85701200B72F}"
EndProject
Project("{FAE04EC0-301F-11D3-BF4B-00C04F79EFBC}") = "AyBorg.SDK.System.Tests", "test\System\AyBorg.SDK.System.Tests.csproj", "{DFE9E684-2B03-413F-BCD6-5E5E859F9768}"
EndProject
Project("{2150E333-8FDC-42A3-9474-1A3956D46DE8}") = "Logging", "Logging", "{48FBACE4-D559-49FC-B8DF-58409F0A4305}"
EndProject
Project("{FAE04EC0-301F-11D3-BF4B-00C04F79EFBC}") = "AyBorg.SDK.Logging.Analytics", "src\Logging\Analytics\AyBorg.SDK.Logging.Analytics.csproj", "{04B72BDB-882B-42A3-8E01-B03267F190E4}"
EndProject
Global
	GlobalSection(SolutionConfigurationPlatforms) = preSolution
		Debug|Any CPU = Debug|Any CPU
		Release|Any CPU = Release|Any CPU
	EndGlobalSection
	GlobalSection(SolutionProperties) = preSolution
		HideSolutionNode = FALSE
	EndGlobalSection
	GlobalSection(ProjectConfigurationPlatforms) = postSolution
		{C4F7CD1F-7F97-4875-A35B-FC9AB50829CC}.Debug|Any CPU.ActiveCfg = Debug|Any CPU
		{C4F7CD1F-7F97-4875-A35B-FC9AB50829CC}.Debug|Any CPU.Build.0 = Debug|Any CPU
		{C4F7CD1F-7F97-4875-A35B-FC9AB50829CC}.Release|Any CPU.ActiveCfg = Release|Any CPU
		{C4F7CD1F-7F97-4875-A35B-FC9AB50829CC}.Release|Any CPU.Build.0 = Release|Any CPU
		{C44D6A8A-5241-4A16-9273-78BFDAB30F7E}.Debug|Any CPU.ActiveCfg = Debug|Any CPU
		{C44D6A8A-5241-4A16-9273-78BFDAB30F7E}.Debug|Any CPU.Build.0 = Debug|Any CPU
		{C44D6A8A-5241-4A16-9273-78BFDAB30F7E}.Release|Any CPU.ActiveCfg = Release|Any CPU
		{C44D6A8A-5241-4A16-9273-78BFDAB30F7E}.Release|Any CPU.Build.0 = Release|Any CPU
		{71C695DA-A290-43F1-AC59-86388048A651}.Debug|Any CPU.ActiveCfg = Debug|Any CPU
		{71C695DA-A290-43F1-AC59-86388048A651}.Debug|Any CPU.Build.0 = Debug|Any CPU
		{71C695DA-A290-43F1-AC59-86388048A651}.Release|Any CPU.ActiveCfg = Release|Any CPU
		{71C695DA-A290-43F1-AC59-86388048A651}.Release|Any CPU.Build.0 = Release|Any CPU
		{EE87E61A-F9AC-4DB5-B336-75167C58604C}.Debug|Any CPU.ActiveCfg = Debug|Any CPU
		{EE87E61A-F9AC-4DB5-B336-75167C58604C}.Debug|Any CPU.Build.0 = Debug|Any CPU
		{EE87E61A-F9AC-4DB5-B336-75167C58604C}.Release|Any CPU.ActiveCfg = Release|Any CPU
		{EE87E61A-F9AC-4DB5-B336-75167C58604C}.Release|Any CPU.Build.0 = Release|Any CPU
		{1A3E1AEB-026A-42F3-9207-7D891A6F3E48}.Debug|Any CPU.ActiveCfg = Debug|Any CPU
		{1A3E1AEB-026A-42F3-9207-7D891A6F3E48}.Debug|Any CPU.Build.0 = Debug|Any CPU
		{1A3E1AEB-026A-42F3-9207-7D891A6F3E48}.Release|Any CPU.ActiveCfg = Release|Any CPU
		{1A3E1AEB-026A-42F3-9207-7D891A6F3E48}.Release|Any CPU.Build.0 = Release|Any CPU
		{C2AD7B10-5106-45F5-B4BB-F5B63722CDFD}.Debug|Any CPU.ActiveCfg = Debug|Any CPU
		{C2AD7B10-5106-45F5-B4BB-F5B63722CDFD}.Debug|Any CPU.Build.0 = Debug|Any CPU
		{C2AD7B10-5106-45F5-B4BB-F5B63722CDFD}.Release|Any CPU.ActiveCfg = Release|Any CPU
		{C2AD7B10-5106-45F5-B4BB-F5B63722CDFD}.Release|Any CPU.Build.0 = Release|Any CPU
		{FA389899-1B82-4451-9CAD-10683AD66270}.Debug|Any CPU.ActiveCfg = Debug|Any CPU
		{FA389899-1B82-4451-9CAD-10683AD66270}.Debug|Any CPU.Build.0 = Debug|Any CPU
		{FA389899-1B82-4451-9CAD-10683AD66270}.Release|Any CPU.ActiveCfg = Release|Any CPU
		{FA389899-1B82-4451-9CAD-10683AD66270}.Release|Any CPU.Build.0 = Release|Any CPU
		{FB54E486-6AA6-4396-8A66-A33B27CBC122}.Debug|Any CPU.ActiveCfg = Debug|Any CPU
		{FB54E486-6AA6-4396-8A66-A33B27CBC122}.Debug|Any CPU.Build.0 = Debug|Any CPU
		{FB54E486-6AA6-4396-8A66-A33B27CBC122}.Release|Any CPU.ActiveCfg = Release|Any CPU
		{FB54E486-6AA6-4396-8A66-A33B27CBC122}.Release|Any CPU.Build.0 = Release|Any CPU
		{24D9337D-87DD-45AC-991B-A61111C46E82}.Debug|Any CPU.ActiveCfg = Debug|Any CPU
		{24D9337D-87DD-45AC-991B-A61111C46E82}.Debug|Any CPU.Build.0 = Debug|Any CPU
		{24D9337D-87DD-45AC-991B-A61111C46E82}.Release|Any CPU.ActiveCfg = Release|Any CPU
		{24D9337D-87DD-45AC-991B-A61111C46E82}.Release|Any CPU.Build.0 = Release|Any CPU
		{5D442638-011A-4418-B97C-85701200B72F}.Debug|Any CPU.ActiveCfg = Debug|Any CPU
		{5D442638-011A-4418-B97C-85701200B72F}.Debug|Any CPU.Build.0 = Debug|Any CPU
		{5D442638-011A-4418-B97C-85701200B72F}.Release|Any CPU.ActiveCfg = Release|Any CPU
		{5D442638-011A-4418-B97C-85701200B72F}.Release|Any CPU.Build.0 = Release|Any CPU
		{DFE9E684-2B03-413F-BCD6-5E5E859F9768}.Debug|Any CPU.ActiveCfg = Debug|Any CPU
		{DFE9E684-2B03-413F-BCD6-5E5E859F9768}.Debug|Any CPU.Build.0 = Debug|Any CPU
		{DFE9E684-2B03-413F-BCD6-5E5E859F9768}.Release|Any CPU.ActiveCfg = Release|Any CPU
		{DFE9E684-2B03-413F-BCD6-5E5E859F9768}.Release|Any CPU.Build.0 = Release|Any CPU
		{04B72BDB-882B-42A3-8E01-B03267F190E4}.Debug|Any CPU.ActiveCfg = Debug|Any CPU
		{04B72BDB-882B-42A3-8E01-B03267F190E4}.Debug|Any CPU.Build.0 = Debug|Any CPU
		{04B72BDB-882B-42A3-8E01-B03267F190E4}.Release|Any CPU.ActiveCfg = Release|Any CPU
		{04B72BDB-882B-42A3-8E01-B03267F190E4}.Release|Any CPU.Build.0 = Release|Any CPU
	EndGlobalSection
	GlobalSection(NestedProjects) = preSolution
		{C44D6A8A-5241-4A16-9273-78BFDAB30F7E} = {3072902B-3D55-4EEC-9A09-CBC77CE6930B}
		{71C695DA-A290-43F1-AC59-86388048A651} = {3072902B-3D55-4EEC-9A09-CBC77CE6930B}
		{8D001D47-DA75-4EA7-BDBA-BA65CCEF59BA} = {3072902B-3D55-4EEC-9A09-CBC77CE6930B}
		{EE87E61A-F9AC-4DB5-B336-75167C58604C} = {8D001D47-DA75-4EA7-BDBA-BA65CCEF59BA}
		{C2AD7B10-5106-45F5-B4BB-F5B63722CDFD} = {3072902B-3D55-4EEC-9A09-CBC77CE6930B}
		{FA389899-1B82-4451-9CAD-10683AD66270} = {3072902B-3D55-4EEC-9A09-CBC77CE6930B}
		{24D9337D-87DD-45AC-991B-A61111C46E82} = {8D001D47-DA75-4EA7-BDBA-BA65CCEF59BA}
		{C4809120-10A2-4E3C-8595-218950097294} = {3C4D24CB-32EF-4667-8411-F308C8F87A0F}
		{5D442638-011A-4418-B97C-85701200B72F} = {C4809120-10A2-4E3C-8595-218950097294}
		{DFE9E684-2B03-413F-BCD6-5E5E859F9768} = {3C4D24CB-32EF-4667-8411-F308C8F87A0F}
		{48FBACE4-D559-49FC-B8DF-58409F0A4305} = {3072902B-3D55-4EEC-9A09-CBC77CE6930B}
		{04B72BDB-882B-42A3-8E01-B03267F190E4} = {48FBACE4-D559-49FC-B8DF-58409F0A4305}
	EndGlobalSection
EndGlobal
